
Microsoft Visual Studio Solution File, Format Version 12.00
# Visual Studio Version 17
VisualStudioVersion = 17.5.33502.453
MinimumVisualStudioVersion = 10.0.40219.1
Project("{FAE04EC0-301F-11D3-BF4B-00C04F79EFBC}") = "BCSD Practice 49", "BCSD Practice 49.csproj", "{1984A132-D314-4DE8-A0E1-C011459F268A}"
EndProject
Global
	GlobalSection(SolutionConfigurationPlatforms) = preSolution
		Debug|Any CPU = Debug|Any CPU
		Release|Any CPU = Release|Any CPU
	EndGlobalSection
	GlobalSection(ProjectConfigurationPlatforms) = postSolution
		{1984A132-D314-4DE8-A0E1-C011459F268A}.Debug|Any CPU.ActiveCfg = Debug|Any CPU
		{1984A132-D314-4DE8-A0E1-C011459F268A}.Debug|Any CPU.Build.0 = Debug|Any CPU
		{1984A132-D314-4DE8-A0E1-C011459F268A}.Release|Any CPU.ActiveCfg = Release|Any CPU
		{1984A132-D314-4DE8-A0E1-C011459F268A}.Release|Any CPU.Build.0 = Release|Any CPU
	EndGlobalSection
	GlobalSection(SolutionProperties) = preSolution
		HideSolutionNode = FALSE
	EndGlobalSection
	GlobalSection(ExtensibilityGlobals) = postSolution
		SolutionGuid = {81D10576-C4ED-49FD-BB2F-CE01F71118C5}
	EndGlobalSection
EndGlobal
