
Microsoft Visual Studio Solution File, Format Version 12.00
# Visual Studio Version 17
VisualStudioVersion = 17.5.33502.453
MinimumVisualStudioVersion = 10.0.40219.1
Project("{FAE04EC0-301F-11D3-BF4B-00C04F79EFBC}") = "BCSD Practice 48", "BCSD Practice 48.csproj", "{1B6EC81A-7E42-41CC-B7D4-2BB5BB958FAE}"
EndProject
Global
	GlobalSection(SolutionConfigurationPlatforms) = preSolution
		Debug|Any CPU = Debug|Any CPU
		Release|Any CPU = Release|Any CPU
	EndGlobalSection
	GlobalSection(ProjectConfigurationPlatforms) = postSolution
		{1B6EC81A-7E42-41CC-B7D4-2BB5BB958FAE}.Debug|Any CPU.ActiveCfg = Debug|Any CPU
		{1B6EC81A-7E42-41CC-B7D4-2BB5BB958FAE}.Debug|Any CPU.Build.0 = Debug|Any CPU
		{1B6EC81A-7E42-41CC-B7D4-2BB5BB958FAE}.Release|Any CPU.ActiveCfg = Release|Any CPU
		{1B6EC81A-7E42-41CC-B7D4-2BB5BB958FAE}.Release|Any CPU.Build.0 = Release|Any CPU
	EndGlobalSection
	GlobalSection(SolutionProperties) = preSolution
		HideSolutionNode = FALSE
	EndGlobalSection
	GlobalSection(ExtensibilityGlobals) = postSolution
		SolutionGuid = {C34C83A9-3E72-41E1-9076-10B0E16375D8}
	EndGlobalSection
EndGlobal
